
Microsoft Visual Studio Solution File, Format Version 12.00
# Visual Studio Version 17
VisualStudioVersion = 17.13.35605.110
MinimumVisualStudioVersion = 10.0.40219.1
Project("{FAE04EC0-301F-11D3-BF4B-00C04F79EFBC}") = "Algos4Lab19", "Algos4\Algos4Lab19.csproj", "{EC15ABCA-CE18-486B-8125-1393289F5089}"
EndProject
Global
	GlobalSection(SolutionConfigurationPlatforms) = preSolution
		Debug|Any CPU = Debug|Any CPU
		Release|Any CPU = Release|Any CPU
	EndGlobalSection
	GlobalSection(ProjectConfigurationPlatforms) = postSolution
		{EC15ABCA-CE18-486B-8125-1393289F5089}.Debug|Any CPU.ActiveCfg = Debug|Any CPU
		{EC15ABCA-CE18-486B-8125-1393289F5089}.Debug|Any CPU.Build.0 = Debug|Any CPU
		{EC15ABCA-CE18-486B-8125-1393289F5089}.Release|Any CPU.ActiveCfg = Release|Any CPU
		{EC15ABCA-CE18-486B-8125-1393289F5089}.Release|Any CPU.Build.0 = Release|Any CPU
	EndGlobalSection
	GlobalSection(SolutionProperties) = preSolution
		HideSolutionNode = FALSE
	EndGlobalSection
	GlobalSection(ExtensibilityGlobals) = postSolution
		SolutionGuid = {F1FA2FF8-8380-40DB-9EB5-11F8963D049A}
	EndGlobalSection
EndGlobal
